# This file is autogenerated, do not edit; changes may be undone by the next 'dep ensure'.


[[projects]]
  name = "github.com/beevik/etree"
  packages = ["."]
  revision = "15a30b44cfd6c5a16a7ddfe271bf146aaf2d3195"
  version = "v1.0.0"

[[projects]]
  branch = "master"
  name = "github.com/c9s/inflect"
  packages = ["."]
  revision = "006c50878f3f13ce1ea1301c513b03edd985e8f2"

[[projects]]
  name = "github.com/caarlos0/env"
  packages = ["."]
  revision = "0cf029d5748c52beb2c9d20c81880cb4bdf8f788"
  version = "v3.0"

[[projects]]
  name = "github.com/mattn/go-runewidth"
  packages = ["."]
  revision = "9e777a8366cce605130a531d2cd6363d07ad7317"
  version = "v0.0.2"

[[projects]]
  branch = "master"
  name = "github.com/nsf/termbox-go"
  packages = ["."]
  revision = "d51f2f6d6ccb97dd83ed04ae2f79c34234851f39"

[solve-meta]
  analyzer-name = "dep"
  analyzer-version = 1
  inputs-digest = "bc971fcd8d1aebc2123c3ea2e39e40b784c8d1345ac028b840f845f0112c72a6"
  solver-name = "gps-cdcl"
  solver-version = 1
